
Microsoft Visual Studio Solution File, Format Version 12.00
# Visual Studio Version 17
VisualStudioVersion = 17.5.33530.505
MinimumVisualStudioVersion = 10.0.40219.1
Project("{FAE04EC0-301F-11D3-BF4B-00C04F79EFBC}") = "ZilpioBuzz", "ZilpioBuzz\ZilpioBuzz.csproj", "{7309E3EF-F2A9-4937-BCD6-7331F6EE0980}"
EndProject
Global
	GlobalSection(SolutionConfigurationPlatforms) = preSolution
		Debug|Any CPU = Debug|Any CPU
		Release|Any CPU = Release|Any CPU
	EndGlobalSection
	GlobalSection(ProjectConfigurationPlatforms) = postSolution
		{7309E3EF-F2A9-4937-BCD6-7331F6EE0980}.Debug|Any CPU.ActiveCfg = Debug|Any CPU
		{7309E3EF-F2A9-4937-BCD6-7331F6EE0980}.Debug|Any CPU.Build.0 = Debug|Any CPU
		{7309E3EF-F2A9-4937-BCD6-7331F6EE0980}.Release|Any CPU.ActiveCfg = Release|Any CPU
		{7309E3EF-F2A9-4937-BCD6-7331F6EE0980}.Release|Any CPU.Build.0 = Release|Any CPU
	EndGlobalSection
	GlobalSection(SolutionProperties) = preSolution
		HideSolutionNode = FALSE
	EndGlobalSection
	GlobalSection(ExtensibilityGlobals) = postSolution
		SolutionGuid = {D8C16784-F59A-4D3B-8D1B-C4EC543FF463}
	EndGlobalSection
EndGlobal
